
Microsoft Visual Studio Solution File, Format Version 12.00
# Visual Studio Version 17
VisualStudioVersion = 17.4.33103.184
MinimumVisualStudioVersion = 10.0.40219.1
Project("{9A19103F-16F7-4668-BE54-9A1E7A4F7556}") = "FirmaWebApp", "FirmaWebApp\FirmaWebApp.csproj", "{5B42E997-5DD0-4F82-A100-5D7EBF8F931F}"
EndProject
Project("{9A19103F-16F7-4668-BE54-9A1E7A4F7556}") = "Firma.Data", "Firma.Data\Firma.Data.csproj", "{87F73113-F19D-41E1-854C-487265241D23}"
EndProject
Project("{9A19103F-16F7-4668-BE54-9A1E7A4F7556}") = "FirmaWebApi", "FirmaWebApi\FirmaWebApi.csproj", "{2EBABE18-817F-4F2E-B678-BA6AF9EC154E}"
EndProject
Project("{9A19103F-16F7-4668-BE54-9A1E7A4F7556}") = "Firma.Intranet", "Firma.Intranet\Firma.Intranet.csproj", "{42CB64DC-1FB2-483D-88C0-6389C787D46B}"
EndProject
Project("{FAE04EC0-301F-11D3-BF4B-00C04F79EFBC}") = "FirmaMobileMauiApp", "FirmaMobileMauiApp\FirmaMobileMauiApp.csproj", "{3511D43F-E842-4B8E-B48D-E5AABA602375}"
EndProject
Global
	GlobalSection(SolutionConfigurationPlatforms) = preSolution
		Debug|Any CPU = Debug|Any CPU
		Debug|ARM = Debug|ARM
		Debug|iPhone = Debug|iPhone
		Debug|iPhoneSimulator = Debug|iPhoneSimulator
		Debug|x64 = Debug|x64
		Debug|x86 = Debug|x86
		Release|Any CPU = Release|Any CPU
		Release|ARM = Release|ARM
		Release|iPhone = Release|iPhone
		Release|iPhoneSimulator = Release|iPhoneSimulator
		Release|x64 = Release|x64
		Release|x86 = Release|x86
	EndGlobalSection
	GlobalSection(ProjectConfigurationPlatforms) = postSolution
		{5B42E997-5DD0-4F82-A100-5D7EBF8F931F}.Debug|Any CPU.ActiveCfg = Debug|Any CPU
		{5B42E997-5DD0-4F82-A100-5D7EBF8F931F}.Debug|Any CPU.Build.0 = Debug|Any CPU
		{5B42E997-5DD0-4F82-A100-5D7EBF8F931F}.Debug|ARM.ActiveCfg = Debug|Any CPU
		{5B42E997-5DD0-4F82-A100-5D7EBF8F931F}.Debug|ARM.Build.0 = Debug|Any CPU
		{5B42E997-5DD0-4F82-A100-5D7EBF8F931F}.Debug|iPhone.ActiveCfg = Debug|Any CPU
		{5B42E997-5DD0-4F82-A100-5D7EBF8F931F}.Debug|iPhone.Build.0 = Debug|Any CPU
		{5B42E997-5DD0-4F82-A100-5D7EBF8F931F}.Debug|iPhoneSimulator.ActiveCfg = Debug|Any CPU
		{5B42E997-5DD0-4F82-A100-5D7EBF8F931F}.Debug|iPhoneSimulator.Build.0 = Debug|Any CPU
		{5B42E997-5DD0-4F82-A100-5D7EBF8F931F}.Debug|x64.ActiveCfg = Debug|Any CPU
		{5B42E997-5DD0-4F82-A100-5D7EBF8F931F}.Debug|x64.Build.0 = Debug|Any CPU
		{5B42E997-5DD0-4F82-A100-5D7EBF8F931F}.Debug|x86.ActiveCfg = Debug|Any CPU
		{5B42E997-5DD0-4F82-A100-5D7EBF8F931F}.Debug|x86.Build.0 = Debug|Any CPU
		{5B42E997-5DD0-4F82-A100-5D7EBF8F931F}.Release|Any CPU.ActiveCfg = Release|Any CPU
		{5B42E997-5DD0-4F82-A100-5D7EBF8F931F}.Release|Any CPU.Build.0 = Release|Any CPU
		{5B42E997-5DD0-4F82-A100-5D7EBF8F931F}.Release|ARM.ActiveCfg = Release|Any CPU
		{5B42E997-5DD0-4F82-A100-5D7EBF8F931F}.Release|ARM.Build.0 = Release|Any CPU
		{5B42E997-5DD0-4F82-A100-5D7EBF8F931F}.Release|iPhone.ActiveCfg = Release|Any CPU
		{5B42E997-5DD0-4F82-A100-5D7EBF8F931F}.Release|iPhone.Build.0 = Release|Any CPU
		{5B42E997-5DD0-4F82-A100-5D7EBF8F931F}.Release|iPhoneSimulator.ActiveCfg = Release|Any CPU
		{5B42E997-5DD0-4F82-A100-5D7EBF8F931F}.Release|iPhoneSimulator.Build.0 = Release|Any CPU
		{5B42E997-5DD0-4F82-A100-5D7EBF8F931F}.Release|x64.ActiveCfg = Release|Any CPU
		{5B42E997-5DD0-4F82-A100-5D7EBF8F931F}.Release|x64.Build.0 = Release|Any CPU
		{5B42E997-5DD0-4F82-A100-5D7EBF8F931F}.Release|x86.ActiveCfg = Release|Any CPU
		{5B42E997-5DD0-4F82-A100-5D7EBF8F931F}.Release|x86.Build.0 = Release|Any CPU
		{87F73113-F19D-41E1-854C-487265241D23}.Debug|Any CPU.ActiveCfg = Debug|Any CPU
		{87F73113-F19D-41E1-854C-487265241D23}.Debug|Any CPU.Build.0 = Debug|Any CPU
		{87F73113-F19D-41E1-854C-487265241D23}.Debug|ARM.ActiveCfg = Debug|Any CPU
		{87F73113-F19D-41E1-854C-487265241D23}.Debug|ARM.Build.0 = Debug|Any CPU
		{87F73113-F19D-41E1-854C-487265241D23}.Debug|iPhone.ActiveCfg = Debug|Any CPU
		{87F73113-F19D-41E1-854C-487265241D23}.Debug|iPhone.Build.0 = Debug|Any CPU
		{87F73113-F19D-41E1-854C-487265241D23}.Debug|iPhoneSimulator.ActiveCfg = Debug|Any CPU
		{87F73113-F19D-41E1-854C-487265241D23}.Debug|iPhoneSimulator.Build.0 = Debug|Any CPU
		{87F73113-F19D-41E1-854C-487265241D23}.Debug|x64.ActiveCfg = Debug|Any CPU
		{87F73113-F19D-41E1-854C-487265241D23}.Debug|x64.Build.0 = Debug|Any CPU
		{87F73113-F19D-41E1-854C-487265241D23}.Debug|x86.ActiveCfg = Debug|Any CPU
		{87F73113-F19D-41E1-854C-487265241D23}.Debug|x86.Build.0 = Debug|Any CPU
		{87F73113-F19D-41E1-854C-487265241D23}.Release|Any CPU.ActiveCfg = Release|Any CPU
		{87F73113-F19D-41E1-854C-487265241D23}.Release|Any CPU.Build.0 = Release|Any CPU
		{87F73113-F19D-41E1-854C-487265241D23}.Release|ARM.ActiveCfg = Release|Any CPU
		{87F73113-F19D-41E1-854C-487265241D23}.Release|ARM.Build.0 = Release|Any CPU
		{87F73113-F19D-41E1-854C-487265241D23}.Release|iPhone.ActiveCfg = Release|Any CPU
		{87F73113-F19D-41E1-854C-487265241D23}.Release|iPhone.Build.0 = Release|Any CPU
		{87F73113-F19D-41E1-854C-487265241D23}.Release|iPhoneSimulator.ActiveCfg = Release|Any CPU
		{87F73113-F19D-41E1-854C-487265241D23}.Release|iPhoneSimulator.Build.0 = Release|Any CPU
		{87F73113-F19D-41E1-854C-487265241D23}.Release|x64.ActiveCfg = Release|Any CPU
		{87F73113-F19D-41E1-854C-487265241D23}.Release|x64.Build.0 = Release|Any CPU
		{87F73113-F19D-41E1-854C-487265241D23}.Release|x86.ActiveCfg = Release|Any CPU
		{87F73113-F19D-41E1-854C-487265241D23}.Release|x86.Build.0 = Release|Any CPU
		{2EBABE18-817F-4F2E-B678-BA6AF9EC154E}.Debug|Any CPU.ActiveCfg = Debug|Any CPU
		{2EBABE18-817F-4F2E-B678-BA6AF9EC154E}.Debug|Any CPU.Build.0 = Debug|Any CPU
		{2EBABE18-817F-4F2E-B678-BA6AF9EC154E}.Debug|ARM.ActiveCfg = Debug|Any CPU
		{2EBABE18-817F-4F2E-B678-BA6AF9EC154E}.Debug|ARM.Build.0 = Debug|Any CPU
		{2EBABE18-817F-4F2E-B678-BA6AF9EC154E}.Debug|iPhone.ActiveCfg = Debug|Any CPU
		{2EBABE18-817F-4F2E-B678-BA6AF9EC154E}.Debug|iPhone.Build.0 = Debug|Any CPU
		{2EBABE18-817F-4F2E-B678-BA6AF9EC154E}.Debug|iPhoneSimulator.ActiveCfg = Debug|Any CPU
		{2EBABE18-817F-4F2E-B678-BA6AF9EC154E}.Debug|iPhoneSimulator.Build.0 = Debug|Any CPU
		{2EBABE18-817F-4F2E-B678-BA6AF9EC154E}.Debug|x64.ActiveCfg = Debug|Any CPU
		{2EBABE18-817F-4F2E-B678-BA6AF9EC154E}.Debug|x64.Build.0 = Debug|Any CPU
		{2EBABE18-817F-4F2E-B678-BA6AF9EC154E}.Debug|x86.ActiveCfg = Debug|Any CPU
		{2EBABE18-817F-4F2E-B678-BA6AF9EC154E}.Debug|x86.Build.0 = Debug|Any CPU
		{2EBABE18-817F-4F2E-B678-BA6AF9EC154E}.Release|Any CPU.ActiveCfg = Release|Any CPU
		{2EBABE18-817F-4F2E-B678-BA6AF9EC154E}.Release|Any CPU.Build.0 = Release|Any CPU
		{2EBABE18-817F-4F2E-B678-BA6AF9EC154E}.Release|ARM.ActiveCfg = Release|Any CPU
		{2EBABE18-817F-4F2E-B678-BA6AF9EC154E}.Release|ARM.Build.0 = Release|Any CPU
		{2EBABE18-817F-4F2E-B678-BA6AF9EC154E}.Release|iPhone.ActiveCfg = Release|Any CPU
		{2EBABE18-817F-4F2E-B678-BA6AF9EC154E}.Release|iPhone.Build.0 = Release|Any CPU
		{2EBABE18-817F-4F2E-B678-BA6AF9EC154E}.Release|iPhoneSimulator.ActiveCfg = Release|Any CPU
		{2EBABE18-817F-4F2E-B678-BA6AF9EC154E}.Release|iPhoneSimulator.Build.0 = Release|Any CPU
		{2EBABE18-817F-4F2E-B678-BA6AF9EC154E}.Release|x64.ActiveCfg = Release|Any CPU
		{2EBABE18-817F-4F2E-B678-BA6AF9EC154E}.Release|x64.Build.0 = Release|Any CPU
		{2EBABE18-817F-4F2E-B678-BA6AF9EC154E}.Release|x86.ActiveCfg = Release|Any CPU
		{2EBABE18-817F-4F2E-B678-BA6AF9EC154E}.Release|x86.Build.0 = Release|Any CPU
		{42CB64DC-1FB2-483D-88C0-6389C787D46B}.Debug|Any CPU.ActiveCfg = Debug|Any CPU
		{42CB64DC-1FB2-483D-88C0-6389C787D46B}.Debug|Any CPU.Build.0 = Debug|Any CPU
		{42CB64DC-1FB2-483D-88C0-6389C787D46B}.Debug|ARM.ActiveCfg = Debug|Any CPU
		{42CB64DC-1FB2-483D-88C0-6389C787D46B}.Debug|ARM.Build.0 = Debug|Any CPU
		{42CB64DC-1FB2-483D-88C0-6389C787D46B}.Debug|iPhone.ActiveCfg = Debug|Any CPU
		{42CB64DC-1FB2-483D-88C0-6389C787D46B}.Debug|iPhone.Build.0 = Debug|Any CPU
		{42CB64DC-1FB2-483D-88C0-6389C787D46B}.Debug|iPhoneSimulator.ActiveCfg = Debug|Any CPU
		{42CB64DC-1FB2-483D-88C0-6389C787D46B}.Debug|iPhoneSimulator.Build.0 = Debug|Any CPU
		{42CB64DC-1FB2-483D-88C0-6389C787D46B}.Debug|x64.ActiveCfg = Debug|Any CPU
		{42CB64DC-1FB2-483D-88C0-6389C787D46B}.Debug|x64.Build.0 = Debug|Any CPU
		{42CB64DC-1FB2-483D-88C0-6389C787D46B}.Debug|x86.ActiveCfg = Debug|Any CPU
		{42CB64DC-1FB2-483D-88C0-6389C787D46B}.Debug|x86.Build.0 = Debug|Any CPU
		{42CB64DC-1FB2-483D-88C0-6389C787D46B}.Release|Any CPU.ActiveCfg = Release|Any CPU
		{42CB64DC-1FB2-483D-88C0-6389C787D46B}.Release|Any CPU.Build.0 = Release|Any CPU
		{42CB64DC-1FB2-483D-88C0-6389C787D46B}.Release|ARM.ActiveCfg = Release|Any CPU
		{42CB64DC-1FB2-483D-88C0-6389C787D46B}.Release|ARM.Build.0 = Release|Any CPU
		{42CB64DC-1FB2-483D-88C0-6389C787D46B}.Release|iPhone.ActiveCfg = Release|Any CPU
		{42CB64DC-1FB2-483D-88C0-6389C787D46B}.Release|iPhone.Build.0 = Release|Any CPU
		{42CB64DC-1FB2-483D-88C0-6389C787D46B}.Release|iPhoneSimulator.ActiveCfg = Release|Any CPU
		{42CB64DC-1FB2-483D-88C0-6389C787D46B}.Release|iPhoneSimulator.Build.0 = Release|Any CPU
		{42CB64DC-1FB2-483D-88C0-6389C787D46B}.Release|x64.ActiveCfg = Release|Any CPU
		{42CB64DC-1FB2-483D-88C0-6389C787D46B}.Release|x64.Build.0 = Release|Any CPU
		{42CB64DC-1FB2-483D-88C0-6389C787D46B}.Release|x86.ActiveCfg = Release|Any CPU
		{42CB64DC-1FB2-483D-88C0-6389C787D46B}.Release|x86.Build.0 = Release|Any CPU
		{3511D43F-E842-4B8E-B48D-E5AABA602375}.Debug|Any CPU.ActiveCfg = Debug|Any CPU
		{3511D43F-E842-4B8E-B48D-E5AABA602375}.Debug|Any CPU.Build.0 = Debug|Any CPU
		{3511D43F-E842-4B8E-B48D-E5AABA602375}.Debug|Any CPU.Deploy.0 = Debug|Any CPU
		{3511D43F-E842-4B8E-B48D-E5AABA602375}.Debug|ARM.ActiveCfg = Debug|Any CPU
		{3511D43F-E842-4B8E-B48D-E5AABA602375}.Debug|ARM.Build.0 = Debug|Any CPU
		{3511D43F-E842-4B8E-B48D-E5AABA602375}.Debug|ARM.Deploy.0 = Debug|Any CPU
		{3511D43F-E842-4B8E-B48D-E5AABA602375}.Debug|iPhone.ActiveCfg = Debug|Any CPU
		{3511D43F-E842-4B8E-B48D-E5AABA602375}.Debug|iPhone.Build.0 = Debug|Any CPU
		{3511D43F-E842-4B8E-B48D-E5AABA602375}.Debug|iPhone.Deploy.0 = Debug|Any CPU
		{3511D43F-E842-4B8E-B48D-E5AABA602375}.Debug|iPhoneSimulator.ActiveCfg = Debug|Any CPU
		{3511D43F-E842-4B8E-B48D-E5AABA602375}.Debug|iPhoneSimulator.Build.0 = Debug|Any CPU
		{3511D43F-E842-4B8E-B48D-E5AABA602375}.Debug|iPhoneSimulator.Deploy.0 = Debug|Any CPU
		{3511D43F-E842-4B8E-B48D-E5AABA602375}.Debug|x64.ActiveCfg = Debug|Any CPU
		{3511D43F-E842-4B8E-B48D-E5AABA602375}.Debug|x64.Build.0 = Debug|Any CPU
		{3511D43F-E842-4B8E-B48D-E5AABA602375}.Debug|x64.Deploy.0 = Debug|Any CPU
		{3511D43F-E842-4B8E-B48D-E5AABA602375}.Debug|x86.ActiveCfg = Debug|Any CPU
		{3511D43F-E842-4B8E-B48D-E5AABA602375}.Debug|x86.Build.0 = Debug|Any CPU
		{3511D43F-E842-4B8E-B48D-E5AABA602375}.Debug|x86.Deploy.0 = Debug|Any CPU
		{3511D43F-E842-4B8E-B48D-E5AABA602375}.Release|Any CPU.ActiveCfg = Release|Any CPU
		{3511D43F-E842-4B8E-B48D-E5AABA602375}.Release|Any CPU.Build.0 = Release|Any CPU
		{3511D43F-E842-4B8E-B48D-E5AABA602375}.Release|Any CPU.Deploy.0 = Release|Any CPU
		{3511D43F-E842-4B8E-B48D-E5AABA602375}.Release|ARM.ActiveCfg = Release|Any CPU
		{3511D43F-E842-4B8E-B48D-E5AABA602375}.Release|ARM.Build.0 = Release|Any CPU
		{3511D43F-E842-4B8E-B48D-E5AABA602375}.Release|ARM.Deploy.0 = Release|Any CPU
		{3511D43F-E842-4B8E-B48D-E5AABA602375}.Release|iPhone.ActiveCfg = Release|Any CPU
		{3511D43F-E842-4B8E-B48D-E5AABA602375}.Release|iPhone.Build.0 = Release|Any CPU
		{3511D43F-E842-4B8E-B48D-E5AABA602375}.Release|iPhone.Deploy.0 = Release|Any CPU
		{3511D43F-E842-4B8E-B48D-E5AABA602375}.Release|iPhoneSimulator.ActiveCfg = Release|Any CPU
		{3511D43F-E842-4B8E-B48D-E5AABA602375}.Release|iPhoneSimulator.Build.0 = Release|Any CPU
		{3511D43F-E842-4B8E-B48D-E5AABA602375}.Release|iPhoneSimulator.Deploy.0 = Release|Any CPU
		{3511D43F-E842-4B8E-B48D-E5AABA602375}.Release|x64.ActiveCfg = Release|Any CPU
		{3511D43F-E842-4B8E-B48D-E5AABA602375}.Release|x64.Build.0 = Release|Any CPU
		{3511D43F-E842-4B8E-B48D-E5AABA602375}.Release|x64.Deploy.0 = Release|Any CPU
		{3511D43F-E842-4B8E-B48D-E5AABA602375}.Release|x86.ActiveCfg = Release|Any CPU
		{3511D43F-E842-4B8E-B48D-E5AABA602375}.Release|x86.Build.0 = Release|Any CPU
		{3511D43F-E842-4B8E-B48D-E5AABA602375}.Release|x86.Deploy.0 = Release|Any CPU
	EndGlobalSection
	GlobalSection(SolutionProperties) = preSolution
		HideSolutionNode = FALSE
	EndGlobalSection
	GlobalSection(ExtensibilityGlobals) = postSolution
		SolutionGuid = {03D27D73-4A54-40EC-A526-1ABF70E3185C}
	EndGlobalSection
EndGlobal
